
Microsoft Visual Studio Solution File, Format Version 12.00
# Visual Studio Version 17
VisualStudioVersion = 17.4.33205.214
MinimumVisualStudioVersion = 10.0.40219.1
Project("{9A19103F-16F7-4668-BE54-9A1E7A4F7556}") = "Csharp_practice", "Csharp_practice\Csharp_practice.csproj", "{9D73305B-449D-47E6-BEDD-0E84EE4B02CD}"
EndProject
Project("{9A19103F-16F7-4668-BE54-9A1E7A4F7556}") = "Interface", "Interface\Interface.csproj", "{7764C099-C8CA-45E5-85E6-4082973EFFAD}"
EndProject
Project("{9A19103F-16F7-4668-BE54-9A1E7A4F7556}") = "Inheritance1", "Inheritance1\Inheritance1.csproj", "{D2A90D3B-BC4E-4398-AC37-35555C39E561}"
EndProject
Global
	GlobalSection(SolutionConfigurationPlatforms) = preSolution
		Debug|Any CPU = Debug|Any CPU
		Release|Any CPU = Release|Any CPU
	EndGlobalSection
	GlobalSection(ProjectConfigurationPlatforms) = postSolution
		{9D73305B-449D-47E6-BEDD-0E84EE4B02CD}.Debug|Any CPU.ActiveCfg = Debug|Any CPU
		{9D73305B-449D-47E6-BEDD-0E84EE4B02CD}.Debug|Any CPU.Build.0 = Debug|Any CPU
		{9D73305B-449D-47E6-BEDD-0E84EE4B02CD}.Release|Any CPU.ActiveCfg = Release|Any CPU
		{9D73305B-449D-47E6-BEDD-0E84EE4B02CD}.Release|Any CPU.Build.0 = Release|Any CPU
		{7764C099-C8CA-45E5-85E6-4082973EFFAD}.Debug|Any CPU.ActiveCfg = Debug|Any CPU
		{7764C099-C8CA-45E5-85E6-4082973EFFAD}.Debug|Any CPU.Build.0 = Debug|Any CPU
		{7764C099-C8CA-45E5-85E6-4082973EFFAD}.Release|Any CPU.ActiveCfg = Release|Any CPU
		{7764C099-C8CA-45E5-85E6-4082973EFFAD}.Release|Any CPU.Build.0 = Release|Any CPU
		{D2A90D3B-BC4E-4398-AC37-35555C39E561}.Debug|Any CPU.ActiveCfg = Debug|Any CPU
		{D2A90D3B-BC4E-4398-AC37-35555C39E561}.Debug|Any CPU.Build.0 = Debug|Any CPU
		{D2A90D3B-BC4E-4398-AC37-35555C39E561}.Release|Any CPU.ActiveCfg = Release|Any CPU
		{D2A90D3B-BC4E-4398-AC37-35555C39E561}.Release|Any CPU.Build.0 = Release|Any CPU
	EndGlobalSection
	GlobalSection(SolutionProperties) = preSolution
		HideSolutionNode = FALSE
	EndGlobalSection
	GlobalSection(ExtensibilityGlobals) = postSolution
		SolutionGuid = {59CF02BB-5E93-4BF1-9D30-3B4BBA22483E}
	EndGlobalSection
EndGlobal
